<?xml version="1.0" encoding="utf-8"?>
<Project ToolsVersion="17.0" xmlns="http://schemas.microsoft.com/developer/msbuild/2003">
  <ItemGroup>
    <ClCompile Include="C:\Users\s12782638\Downloads\MeshWireframeDrawer-main\main.cpp">
      <Filter>Source Files</Filter>
    </ClCompile>
    <ClCompile Include="C:\Users\s12782638\Downloads\MeshWireframeDrawer-main\model.cpp">
      <Filter>Source Files</Filter>
    </ClCompile>
    <ClCompile Include="C:\Users\s12782638\Downloads\MeshWireframeDrawer-main\tgaimage.cpp">
      <Filter>Source Files</Filter>
    </ClCompile>
  </ItemGroup>
  <ItemGroup>
    <ClInclude Include="C:\Users\s12782638\Downloads\MeshWireframeDrawer-main\model.h">
      <Filter>Header Files</Filter>
    </ClInclude>
    <ClInclude Include="C:\Users\s12782638\Downloads\MeshWireframeDrawer-main\tgaimage.h">
      <Filter>Header Files</Filter>
    </ClInclude>
    <ClInclude Include="C:\Users\s12782638\Downloads\MeshWireframeDrawer-main\geometry.h">
      <Filter>Header Files</Filter>
    </ClInclude>
  </ItemGroup>
  <ItemGroup>
    <CustomBuild Include="C:\Users\s12782638\Downloads\MeshWireframeDrawer-main\CMakeLists.txt" />
  </ItemGroup>
  <ItemGroup>
    <Filter Include="Header Files">
      <UniqueIdentifier>{D1CDA343-23E3-39E3-8ED8-1F33658D5DCA}</UniqueIdentifier>
    </Filter>
    <Filter Include="Source Files">
      <UniqueIdentifier>{732C6972-1ADF-35CF-BCFD-FE2625FD6A2D}</UniqueIdentifier>
    </Filter>
  </ItemGroup>
</Project>
